<?xml version="1.0" encoding="utf-8"?>
<Project ToolsVersion="4.0" xmlns="http://schemas.microsoft.com/developer/msbuild/2003">
  <ItemGroup>
    <Filter Include="Source Files">
      <UniqueIdentifier>{4FC737F1-C7A5-4376-A066-2A32D752A2FF}</UniqueIdentifier>
      <Extensions>cpp;c;cc;cxx;def;odl;idl;hpj;bat;asm;asmx</Extensions>
    </Filter>
    <Filter Include="Header Files">
      <UniqueIdentifier>{93995380-89BD-4b04-88EB-625FBE52EBFB}</UniqueIdentifier>
      <Extensions>h;hh;hpp;hxx;hm;inl;inc;ipp;xsd</Extensions>
    </Filter>
    <Filter Include="Resource Files">
      <UniqueIdentifier>{67DA6AB6-F800-4c08-8B7A-83BB121AAD01}</UniqueIdentifier>
      <Extensions>rc;ico;cur;bmp;dlg;rc2;rct;bin;rgs;gif;jpg;jpeg;jpe;resx;tiff;tif;png;wav;mfcribbon-ms</Extensions>
    </Filter>
  </ItemGroup>
  <ItemGroup>
    <ClCompile Include="icarus3D\icarus3D.cpp">
      <Filter>Source Files</Filter>
    </ClCompile>
    <ClCompile Include="icarus3D\Shader.cpp">
      <Filter>Source Files</Filter>
    </ClCompile>
    <ClCompile Include="main.cpp">
      <Filter>Source Files</Filter>
    </ClCompile>
    <ClCompile Include="icarus3D\IMGUI\imgui.cpp">
      <Filter>Source Files</Filter>
    </ClCompile>
    <ClCompile Include="icarus3D\IMGUI\imgui_demo.cpp">
      <Filter>Source Files</Filter>
    </ClCompile>
    <ClCompile Include="icarus3D\IMGUI\imgui_draw.cpp">
      <Filter>Source Files</Filter>
    </ClCompile>
    <ClCompile Include="icarus3D\IMGUI\imgui_impl_glfw.cpp">
      <Filter>Source Files</Filter>
    </ClCompile>
    <ClCompile Include="icarus3D\IMGUI\imgui_impl_opengl3.cpp">
      <Filter>Source Files</Filter>
    </ClCompile>
    <ClCompile Include="icarus3D\IMGUI\imgui_widgets.cpp">
      <Filter>Source Files</Filter>
    </ClCompile>
    <ClCompile Include="icarus3D\user_interface\userInterface.cpp">
      <Filter>Source Files</Filter>
    </ClCompile>
    <ClCompile Include="icarus3D\glad\glad.c">
      <Filter>Source Files</Filter>
    </ClCompile>
    <ClCompile Include="icarus3D\model\Model.cpp">
      <Filter>Source Files</Filter>
    </ClCompile>
    <ClCompile Include="icarus3D\camera\Camera.cpp">
      <Filter>Source Files</Filter>
    </ClCompile>
    <ClCompile Include="icarus3D\model\Mesh.cpp">
      <Filter>Source Files</Filter>
    </ClCompile>
    <ClCompile Include="icarus3D\model\Scene.cpp">
      <Filter>Source Files</Filter>
    </ClCompile>
    <ClCompile Include="icarus3D\jsoncpp.cpp">
      <Filter>Source Files</Filter>
    </ClCompile>
    <ClCompile Include="icarus3D\light\Light.cpp">
      <Filter>Source Files</Filter>
    </ClCompile>
    <ClCompile Include="icarus3D\light\PointLight.cpp">
      <Filter>Source Files</Filter>
    </ClCompile>
    <ClCompile Include="icarus3D\light\SpotLight.cpp">
      <Filter>Source Files</Filter>
    </ClCompile>
    <ClCompile Include="icarus3D\light\DirectionalLight.cpp">
      <Filter>Source Files</Filter>
    </ClCompile>
  </ItemGroup>
  <ItemGroup>
    <None Include="icarus3D\shaders\basic.frag" />
    <None Include="icarus3D\shaders\basic.vert" />
    <None Include="icarus3D\shaders\picking.vert" />
    <None Include="icarus3D\shaders\picking.frag" />
    <None Include="icarus3D\shaders\light.frag" />
    <None Include="icarus3D\shaders\light.vert" />
  </ItemGroup>
  <ItemGroup>
    <ClInclude Include="icarus3D\icarus3D.h">
      <Filter>Header Files</Filter>
    </ClInclude>
    <ClInclude Include="icarus3D\Shader.h">
      <Filter>Header Files</Filter>
    </ClInclude>
    <ClInclude Include="icarus3D\IMGUI\imconfig.h">
      <Filter>Header Files</Filter>
    </ClInclude>
    <ClInclude Include="icarus3D\IMGUI\imgui.h">
      <Filter>Header Files</Filter>
    </ClInclude>
    <ClInclude Include="icarus3D\IMGUI\imgui_impl_glfw.h">
      <Filter>Header Files</Filter>
    </ClInclude>
    <ClInclude Include="icarus3D\IMGUI\imgui_impl_opengl3.h">
      <Filter>Header Files</Filter>
    </ClInclude>
    <ClInclude Include="icarus3D\IMGUI\imgui_internal.h">
      <Filter>Header Files</Filter>
    </ClInclude>
    <ClInclude Include="icarus3D\IMGUI\imstb_rectpack.h">
      <Filter>Header Files</Filter>
    </ClInclude>
    <ClInclude Include="icarus3D\IMGUI\imstb_textedit.h">
      <Filter>Header Files</Filter>
    </ClInclude>
    <ClInclude Include="icarus3D\IMGUI\imstb_truetype.h">
      <Filter>Header Files</Filter>
    </ClInclude>
    <ClInclude Include="icarus3D\user_interface\userInterface.h">
      <Filter>Header Files</Filter>
    </ClInclude>
    <ClInclude Include="icarus3D\stb_image\stb_image.h">
      <Filter>Header Files</Filter>
    </ClInclude>
    <ClInclude Include="icarus3D\model\Model.h">
      <Filter>Header Files</Filter>
    </ClInclude>
    <ClInclude Include="icarus3D\camera\Camera.h">
      <Filter>Header Files</Filter>
    </ClInclude>
    <ClInclude Include="icarus3D\model\referenceCounter.h">
      <Filter>Header Files</Filter>
    </ClInclude>
    <ClInclude Include="icarus3D\model\Mesh.h">
      <Filter>Header Files</Filter>
    </ClInclude>
    <ClInclude Include="icarus3D\model\Scene.h">
      <Filter>Header Files</Filter>
    </ClInclude>
    <ClInclude Include="icarus3D\json\json.h">
      <Filter>Header Files</Filter>
    </ClInclude>
    <ClInclude Include="icarus3D\json\json-forwards.h">
      <Filter>Header Files</Filter>
    </ClInclude>
    <ClInclude Include="icarus3D\light\Light.h">
      <Filter>Header Files</Filter>
    </ClInclude>
    <ClInclude Include="icarus3D\light\PointLight.h">
      <Filter>Header Files</Filter>
    </ClInclude>
    <ClInclude Include="icarus3D\light\SpotLight.h">
      <Filter>Header Files</Filter>
    </ClInclude>
    <ClInclude Include="icarus3D\light\DirectionalLight.h">
      <Filter>Header Files</Filter>
    </ClInclude>
  </ItemGroup>
</Project>